
Microsoft Visual Studio Solution File, Format Version 12.00
# Visual Studio 15
VisualStudioVersion = 15.0.28307.102
MinimumVisualStudioVersion = 10.0.40219.1
Project("{9A19103F-16F7-4668-BE54-9A1E7A4F7556}") = "SingleInheritance", "SingleInheritance\SingleInheritance.csproj", "{3A700F6E-5137-4BB4-B074-2272061A0344}"
EndProject
Project("{9A19103F-16F7-4668-BE54-9A1E7A4F7556}") = "CustomRandomList", "CustomRandomList\CustomRandomList.csproj", "{5FE0EE59-8FAF-44A5-B9D0-9C3D4D22EA17}"
EndProject
Project("{9A19103F-16F7-4668-BE54-9A1E7A4F7556}") = "CustomStack", "CustomStack\CustomStack.csproj", "{50D7FC3C-A42A-4F34-99D0-6D3943055D62}"
EndProject
Project("{9A19103F-16F7-4668-BE54-9A1E7A4F7556}") = "PeopleAndChildren", "PeopleAndChildren\PeopleAndChildren.csproj", "{87E5C031-1A4C-4273-A498-5C2D8DBEF77D}"
EndProject
Project("{9A19103F-16F7-4668-BE54-9A1E7A4F7556}") = "BookShop", "BookShop\BookShop.csproj", "{99A374A5-D6E6-4CA2-A755-6C18940692B8}"
EndProject
Project("{9A19103F-16F7-4668-BE54-9A1E7A4F7556}") = "Mankind", "Mankind\Mankind.csproj", "{524B4087-9B5F-48D3-9F30-760EA21A316E}"
EndProject
Project("{9A19103F-16F7-4668-BE54-9A1E7A4F7556}") = "OnlineRadioDatabase", "OnlineRadioDatabase\OnlineRadioDatabase.csproj", "{F795EE6E-6928-4BC2-A048-889B882B36A0}"
EndProject
Project("{FAE04EC0-301F-11D3-BF4B-00C04F79EFBC}") = "Animals", "Animals\Animals.csproj", "{88A67391-A33D-49A0-9A6F-4A383F854696}"
EndProject
Global
	GlobalSection(SolutionConfigurationPlatforms) = preSolution
		Debug|Any CPU = Debug|Any CPU
		Debug|ARM = Debug|ARM
		Debug|ARM64 = Debug|ARM64
		Debug|x64 = Debug|x64
		Debug|x86 = Debug|x86
		Release|Any CPU = Release|Any CPU
		Release|ARM = Release|ARM
		Release|ARM64 = Release|ARM64
		Release|x64 = Release|x64
		Release|x86 = Release|x86
	EndGlobalSection
	GlobalSection(ProjectConfigurationPlatforms) = postSolution
		{3A700F6E-5137-4BB4-B074-2272061A0344}.Debug|Any CPU.ActiveCfg = Debug|Any CPU
		{3A700F6E-5137-4BB4-B074-2272061A0344}.Debug|Any CPU.Build.0 = Debug|Any CPU
		{3A700F6E-5137-4BB4-B074-2272061A0344}.Debug|ARM.ActiveCfg = Debug|Any CPU
		{3A700F6E-5137-4BB4-B074-2272061A0344}.Debug|ARM.Build.0 = Debug|Any CPU
		{3A700F6E-5137-4BB4-B074-2272061A0344}.Debug|ARM64.ActiveCfg = Debug|Any CPU
		{3A700F6E-5137-4BB4-B074-2272061A0344}.Debug|ARM64.Build.0 = Debug|Any CPU
		{3A700F6E-5137-4BB4-B074-2272061A0344}.Debug|x64.ActiveCfg = Debug|Any CPU
		{3A700F6E-5137-4BB4-B074-2272061A0344}.Debug|x64.Build.0 = Debug|Any CPU
		{3A700F6E-5137-4BB4-B074-2272061A0344}.Debug|x86.ActiveCfg = Debug|Any CPU
		{3A700F6E-5137-4BB4-B074-2272061A0344}.Debug|x86.Build.0 = Debug|Any CPU
		{3A700F6E-5137-4BB4-B074-2272061A0344}.Release|Any CPU.ActiveCfg = Release|Any CPU
		{3A700F6E-5137-4BB4-B074-2272061A0344}.Release|Any CPU.Build.0 = Release|Any CPU
		{3A700F6E-5137-4BB4-B074-2272061A0344}.Release|ARM.ActiveCfg = Release|Any CPU
		{3A700F6E-5137-4BB4-B074-2272061A0344}.Release|ARM.Build.0 = Release|Any CPU
		{3A700F6E-5137-4BB4-B074-2272061A0344}.Release|ARM64.ActiveCfg = Release|Any CPU
		{3A700F6E-5137-4BB4-B074-2272061A0344}.Release|ARM64.Build.0 = Release|Any CPU
		{3A700F6E-5137-4BB4-B074-2272061A0344}.Release|x64.ActiveCfg = Release|Any CPU
		{3A700F6E-5137-4BB4-B074-2272061A0344}.Release|x64.Build.0 = Release|Any CPU
		{3A700F6E-5137-4BB4-B074-2272061A0344}.Release|x86.ActiveCfg = Release|Any CPU
		{3A700F6E-5137-4BB4-B074-2272061A0344}.Release|x86.Build.0 = Release|Any CPU
		{5FE0EE59-8FAF-44A5-B9D0-9C3D4D22EA17}.Debug|Any CPU.ActiveCfg = Debug|Any CPU
		{5FE0EE59-8FAF-44A5-B9D0-9C3D4D22EA17}.Debug|Any CPU.Build.0 = Debug|Any CPU
		{5FE0EE59-8FAF-44A5-B9D0-9C3D4D22EA17}.Debug|ARM.ActiveCfg = Debug|Any CPU
		{5FE0EE59-8FAF-44A5-B9D0-9C3D4D22EA17}.Debug|ARM.Build.0 = Debug|Any CPU
		{5FE0EE59-8FAF-44A5-B9D0-9C3D4D22EA17}.Debug|ARM64.ActiveCfg = Debug|Any CPU
		{5FE0EE59-8FAF-44A5-B9D0-9C3D4D22EA17}.Debug|ARM64.Build.0 = Debug|Any CPU
		{5FE0EE59-8FAF-44A5-B9D0-9C3D4D22EA17}.Debug|x64.ActiveCfg = Debug|Any CPU
		{5FE0EE59-8FAF-44A5-B9D0-9C3D4D22EA17}.Debug|x64.Build.0 = Debug|Any CPU
		{5FE0EE59-8FAF-44A5-B9D0-9C3D4D22EA17}.Debug|x86.ActiveCfg = Debug|Any CPU
		{5FE0EE59-8FAF-44A5-B9D0-9C3D4D22EA17}.Debug|x86.Build.0 = Debug|Any CPU
		{5FE0EE59-8FAF-44A5-B9D0-9C3D4D22EA17}.Release|Any CPU.ActiveCfg = Release|Any CPU
		{5FE0EE59-8FAF-44A5-B9D0-9C3D4D22EA17}.Release|Any CPU.Build.0 = Release|Any CPU
		{5FE0EE59-8FAF-44A5-B9D0-9C3D4D22EA17}.Release|ARM.ActiveCfg = Release|Any CPU
		{5FE0EE59-8FAF-44A5-B9D0-9C3D4D22EA17}.Release|ARM.Build.0 = Release|Any CPU
		{5FE0EE59-8FAF-44A5-B9D0-9C3D4D22EA17}.Release|ARM64.ActiveCfg = Release|Any CPU
		{5FE0EE59-8FAF-44A5-B9D0-9C3D4D22EA17}.Release|ARM64.Build.0 = Release|Any CPU
		{5FE0EE59-8FAF-44A5-B9D0-9C3D4D22EA17}.Release|x64.ActiveCfg = Release|Any CPU
		{5FE0EE59-8FAF-44A5-B9D0-9C3D4D22EA17}.Release|x64.Build.0 = Release|Any CPU
		{5FE0EE59-8FAF-44A5-B9D0-9C3D4D22EA17}.Release|x86.ActiveCfg = Release|Any CPU
		{5FE0EE59-8FAF-44A5-B9D0-9C3D4D22EA17}.Release|x86.Build.0 = Release|Any CPU
		{50D7FC3C-A42A-4F34-99D0-6D3943055D62}.Debug|Any CPU.ActiveCfg = Debug|Any CPU
		{50D7FC3C-A42A-4F34-99D0-6D3943055D62}.Debug|Any CPU.Build.0 = Debug|Any CPU
		{50D7FC3C-A42A-4F34-99D0-6D3943055D62}.Debug|ARM.ActiveCfg = Debug|Any CPU
		{50D7FC3C-A42A-4F34-99D0-6D3943055D62}.Debug|ARM.Build.0 = Debug|Any CPU
		{50D7FC3C-A42A-4F34-99D0-6D3943055D62}.Debug|ARM64.ActiveCfg = Debug|Any CPU
		{50D7FC3C-A42A-4F34-99D0-6D3943055D62}.Debug|ARM64.Build.0 = Debug|Any CPU
		{50D7FC3C-A42A-4F34-99D0-6D3943055D62}.Debug|x64.ActiveCfg = Debug|Any CPU
		{50D7FC3C-A42A-4F34-99D0-6D3943055D62}.Debug|x64.Build.0 = Debug|Any CPU
		{50D7FC3C-A42A-4F34-99D0-6D3943055D62}.Debug|x86.ActiveCfg = Debug|Any CPU
		{50D7FC3C-A42A-4F34-99D0-6D3943055D62}.Debug|x86.Build.0 = Debug|Any CPU
		{50D7FC3C-A42A-4F34-99D0-6D3943055D62}.Release|Any CPU.ActiveCfg = Release|Any CPU
		{50D7FC3C-A42A-4F34-99D0-6D3943055D62}.Release|Any CPU.Build.0 = Release|Any CPU
		{50D7FC3C-A42A-4F34-99D0-6D3943055D62}.Release|ARM.ActiveCfg = Release|Any CPU
		{50D7FC3C-A42A-4F34-99D0-6D3943055D62}.Release|ARM.Build.0 = Release|Any CPU
		{50D7FC3C-A42A-4F34-99D0-6D3943055D62}.Release|ARM64.ActiveCfg = Release|Any CPU
		{50D7FC3C-A42A-4F34-99D0-6D3943055D62}.Release|ARM64.Build.0 = Release|Any CPU
		{50D7FC3C-A42A-4F34-99D0-6D3943055D62}.Release|x64.ActiveCfg = Release|Any CPU
		{50D7FC3C-A42A-4F34-99D0-6D3943055D62}.Release|x64.Build.0 = Release|Any CPU
		{50D7FC3C-A42A-4F34-99D0-6D3943055D62}.Release|x86.ActiveCfg = Release|Any CPU
		{50D7FC3C-A42A-4F34-99D0-6D3943055D62}.Release|x86.Build.0 = Release|Any CPU
		{87E5C031-1A4C-4273-A498-5C2D8DBEF77D}.Debug|Any CPU.ActiveCfg = Debug|Any CPU
		{87E5C031-1A4C-4273-A498-5C2D8DBEF77D}.Debug|Any CPU.Build.0 = Debug|Any CPU
		{87E5C031-1A4C-4273-A498-5C2D8DBEF77D}.Debug|ARM.ActiveCfg = Debug|Any CPU
		{87E5C031-1A4C-4273-A498-5C2D8DBEF77D}.Debug|ARM.Build.0 = Debug|Any CPU
		{87E5C031-1A4C-4273-A498-5C2D8DBEF77D}.Debug|ARM64.ActiveCfg = Debug|Any CPU
		{87E5C031-1A4C-4273-A498-5C2D8DBEF77D}.Debug|ARM64.Build.0 = Debug|Any CPU
		{87E5C031-1A4C-4273-A498-5C2D8DBEF77D}.Debug|x64.ActiveCfg = Debug|Any CPU
		{87E5C031-1A4C-4273-A498-5C2D8DBEF77D}.Debug|x64.Build.0 = Debug|Any CPU
		{87E5C031-1A4C-4273-A498-5C2D8DBEF77D}.Debug|x86.ActiveCfg = Debug|Any CPU
		{87E5C031-1A4C-4273-A498-5C2D8DBEF77D}.Debug|x86.Build.0 = Debug|Any CPU
		{87E5C031-1A4C-4273-A498-5C2D8DBEF77D}.Release|Any CPU.ActiveCfg = Release|Any CPU
		{87E5C031-1A4C-4273-A498-5C2D8DBEF77D}.Release|Any CPU.Build.0 = Release|Any CPU
		{87E5C031-1A4C-4273-A498-5C2D8DBEF77D}.Release|ARM.ActiveCfg = Release|Any CPU
		{87E5C031-1A4C-4273-A498-5C2D8DBEF77D}.Release|ARM.Build.0 = Release|Any CPU
		{87E5C031-1A4C-4273-A498-5C2D8DBEF77D}.Release|ARM64.ActiveCfg = Release|Any CPU
		{87E5C031-1A4C-4273-A498-5C2D8DBEF77D}.Release|ARM64.Build.0 = Release|Any CPU
		{87E5C031-1A4C-4273-A498-5C2D8DBEF77D}.Release|x64.ActiveCfg = Release|Any CPU
		{87E5C031-1A4C-4273-A498-5C2D8DBEF77D}.Release|x64.Build.0 = Release|Any CPU
		{87E5C031-1A4C-4273-A498-5C2D8DBEF77D}.Release|x86.ActiveCfg = Release|Any CPU
		{87E5C031-1A4C-4273-A498-5C2D8DBEF77D}.Release|x86.Build.0 = Release|Any CPU
		{99A374A5-D6E6-4CA2-A755-6C18940692B8}.Debug|Any CPU.ActiveCfg = Debug|Any CPU
		{99A374A5-D6E6-4CA2-A755-6C18940692B8}.Debug|Any CPU.Build.0 = Debug|Any CPU
		{99A374A5-D6E6-4CA2-A755-6C18940692B8}.Debug|ARM.ActiveCfg = Debug|Any CPU
		{99A374A5-D6E6-4CA2-A755-6C18940692B8}.Debug|ARM.Build.0 = Debug|Any CPU
		{99A374A5-D6E6-4CA2-A755-6C18940692B8}.Debug|ARM64.ActiveCfg = Debug|Any CPU
		{99A374A5-D6E6-4CA2-A755-6C18940692B8}.Debug|ARM64.Build.0 = Debug|Any CPU
		{99A374A5-D6E6-4CA2-A755-6C18940692B8}.Debug|x64.ActiveCfg = Debug|Any CPU
		{99A374A5-D6E6-4CA2-A755-6C18940692B8}.Debug|x64.Build.0 = Debug|Any CPU
		{99A374A5-D6E6-4CA2-A755-6C18940692B8}.Debug|x86.ActiveCfg = Debug|Any CPU
		{99A374A5-D6E6-4CA2-A755-6C18940692B8}.Debug|x86.Build.0 = Debug|Any CPU
		{99A374A5-D6E6-4CA2-A755-6C18940692B8}.Release|Any CPU.ActiveCfg = Release|Any CPU
		{99A374A5-D6E6-4CA2-A755-6C18940692B8}.Release|Any CPU.Build.0 = Release|Any CPU
		{99A374A5-D6E6-4CA2-A755-6C18940692B8}.Release|ARM.ActiveCfg = Release|Any CPU
		{99A374A5-D6E6-4CA2-A755-6C18940692B8}.Release|ARM.Build.0 = Release|Any CPU
		{99A374A5-D6E6-4CA2-A755-6C18940692B8}.Release|ARM64.ActiveCfg = Release|Any CPU
		{99A374A5-D6E6-4CA2-A755-6C18940692B8}.Release|ARM64.Build.0 = Release|Any CPU
		{99A374A5-D6E6-4CA2-A755-6C18940692B8}.Release|x64.ActiveCfg = Release|Any CPU
		{99A374A5-D6E6-4CA2-A755-6C18940692B8}.Release|x64.Build.0 = Release|Any CPU
		{99A374A5-D6E6-4CA2-A755-6C18940692B8}.Release|x86.ActiveCfg = Release|Any CPU
		{99A374A5-D6E6-4CA2-A755-6C18940692B8}.Release|x86.Build.0 = Release|Any CPU
		{524B4087-9B5F-48D3-9F30-760EA21A316E}.Debug|Any CPU.ActiveCfg = Debug|Any CPU
		{524B4087-9B5F-48D3-9F30-760EA21A316E}.Debug|Any CPU.Build.0 = Debug|Any CPU
		{524B4087-9B5F-48D3-9F30-760EA21A316E}.Debug|ARM.ActiveCfg = Debug|Any CPU
		{524B4087-9B5F-48D3-9F30-760EA21A316E}.Debug|ARM.Build.0 = Debug|Any CPU
		{524B4087-9B5F-48D3-9F30-760EA21A316E}.Debug|ARM64.ActiveCfg = Debug|Any CPU
		{524B4087-9B5F-48D3-9F30-760EA21A316E}.Debug|ARM64.Build.0 = Debug|Any CPU
		{524B4087-9B5F-48D3-9F30-760EA21A316E}.Debug|x64.ActiveCfg = Debug|Any CPU
		{524B4087-9B5F-48D3-9F30-760EA21A316E}.Debug|x64.Build.0 = Debug|Any CPU
		{524B4087-9B5F-48D3-9F30-760EA21A316E}.Debug|x86.ActiveCfg = Debug|Any CPU
		{524B4087-9B5F-48D3-9F30-760EA21A316E}.Debug|x86.Build.0 = Debug|Any CPU
		{524B4087-9B5F-48D3-9F30-760EA21A316E}.Release|Any CPU.ActiveCfg = Release|Any CPU
		{524B4087-9B5F-48D3-9F30-760EA21A316E}.Release|Any CPU.Build.0 = Release|Any CPU
		{524B4087-9B5F-48D3-9F30-760EA21A316E}.Release|ARM.ActiveCfg = Release|Any CPU
		{524B4087-9B5F-48D3-9F30-760EA21A316E}.Release|ARM.Build.0 = Release|Any CPU
		{524B4087-9B5F-48D3-9F30-760EA21A316E}.Release|ARM64.ActiveCfg = Release|Any CPU
		{524B4087-9B5F-48D3-9F30-760EA21A316E}.Release|ARM64.Build.0 = Release|Any CPU
		{524B4087-9B5F-48D3-9F30-760EA21A316E}.Release|x64.ActiveCfg = Release|Any CPU
		{524B4087-9B5F-48D3-9F30-760EA21A316E}.Release|x64.Build.0 = Release|Any CPU
		{524B4087-9B5F-48D3-9F30-760EA21A316E}.Release|x86.ActiveCfg = Release|Any CPU
		{524B4087-9B5F-48D3-9F30-760EA21A316E}.Release|x86.Build.0 = Release|Any CPU
		{F795EE6E-6928-4BC2-A048-889B882B36A0}.Debug|Any CPU.ActiveCfg = Debug|Any CPU
		{F795EE6E-6928-4BC2-A048-889B882B36A0}.Debug|Any CPU.Build.0 = Debug|Any CPU
		{F795EE6E-6928-4BC2-A048-889B882B36A0}.Debug|ARM.ActiveCfg = Debug|Any CPU
		{F795EE6E-6928-4BC2-A048-889B882B36A0}.Debug|ARM.Build.0 = Debug|Any CPU
		{F795EE6E-6928-4BC2-A048-889B882B36A0}.Debug|ARM64.ActiveCfg = Debug|Any CPU
		{F795EE6E-6928-4BC2-A048-889B882B36A0}.Debug|ARM64.Build.0 = Debug|Any CPU
		{F795EE6E-6928-4BC2-A048-889B882B36A0}.Debug|x64.ActiveCfg = Debug|Any CPU
		{F795EE6E-6928-4BC2-A048-889B882B36A0}.Debug|x64.Build.0 = Debug|Any CPU
		{F795EE6E-6928-4BC2-A048-889B882B36A0}.Debug|x86.ActiveCfg = Debug|Any CPU
		{F795EE6E-6928-4BC2-A048-889B882B36A0}.Debug|x86.Build.0 = Debug|Any CPU
		{F795EE6E-6928-4BC2-A048-889B882B36A0}.Release|Any CPU.ActiveCfg = Release|Any CPU
		{F795EE6E-6928-4BC2-A048-889B882B36A0}.Release|Any CPU.Build.0 = Release|Any CPU
		{F795EE6E-6928-4BC2-A048-889B882B36A0}.Release|ARM.ActiveCfg = Release|Any CPU
		{F795EE6E-6928-4BC2-A048-889B882B36A0}.Release|ARM.Build.0 = Release|Any CPU
		{F795EE6E-6928-4BC2-A048-889B882B36A0}.Release|ARM64.ActiveCfg = Release|Any CPU
		{F795EE6E-6928-4BC2-A048-889B882B36A0}.Release|ARM64.Build.0 = Release|Any CPU
		{F795EE6E-6928-4BC2-A048-889B882B36A0}.Release|x64.ActiveCfg = Release|Any CPU
		{F795EE6E-6928-4BC2-A048-889B882B36A0}.Release|x64.Build.0 = Release|Any CPU
		{F795EE6E-6928-4BC2-A048-889B882B36A0}.Release|x86.ActiveCfg = Release|Any CPU
		{F795EE6E-6928-4BC2-A048-889B882B36A0}.Release|x86.Build.0 = Release|Any CPU
		{88A67391-A33D-49A0-9A6F-4A383F854696}.Debug|Any CPU.ActiveCfg = Debug|Any CPU
		{88A67391-A33D-49A0-9A6F-4A383F854696}.Debug|Any CPU.Build.0 = Debug|Any CPU
		{88A67391-A33D-49A0-9A6F-4A383F854696}.Debug|ARM.ActiveCfg = Debug|Any CPU
		{88A67391-A33D-49A0-9A6F-4A383F854696}.Debug|ARM.Build.0 = Debug|Any CPU
		{88A67391-A33D-49A0-9A6F-4A383F854696}.Debug|ARM64.ActiveCfg = Debug|Any CPU
		{88A67391-A33D-49A0-9A6F-4A383F854696}.Debug|ARM64.Build.0 = Debug|Any CPU
		{88A67391-A33D-49A0-9A6F-4A383F854696}.Debug|x64.ActiveCfg = Debug|Any CPU
		{88A67391-A33D-49A0-9A6F-4A383F854696}.Debug|x64.Build.0 = Debug|Any CPU
		{88A67391-A33D-49A0-9A6F-4A383F854696}.Debug|x86.ActiveCfg = Debug|Any CPU
		{88A67391-A33D-49A0-9A6F-4A383F854696}.Debug|x86.Build.0 = Debug|Any CPU
		{88A67391-A33D-49A0-9A6F-4A383F854696}.Release|Any CPU.ActiveCfg = Release|Any CPU
		{88A67391-A33D-49A0-9A6F-4A383F854696}.Release|Any CPU.Build.0 = Release|Any CPU
		{88A67391-A33D-49A0-9A6F-4A383F854696}.Release|ARM.ActiveCfg = Release|Any CPU
		{88A67391-A33D-49A0-9A6F-4A383F854696}.Release|ARM.Build.0 = Release|Any CPU
		{88A67391-A33D-49A0-9A6F-4A383F854696}.Release|ARM64.ActiveCfg = Release|Any CPU
		{88A67391-A33D-49A0-9A6F-4A383F854696}.Release|ARM64.Build.0 = Release|Any CPU
		{88A67391-A33D-49A0-9A6F-4A383F854696}.Release|x64.ActiveCfg = Release|Any CPU
		{88A67391-A33D-49A0-9A6F-4A383F854696}.Release|x64.Build.0 = Release|Any CPU
		{88A67391-A33D-49A0-9A6F-4A383F854696}.Release|x86.ActiveCfg = Release|Any CPU
		{88A67391-A33D-49A0-9A6F-4A383F854696}.Release|x86.Build.0 = Release|Any CPU
	EndGlobalSection
	GlobalSection(SolutionProperties) = preSolution
		HideSolutionNode = FALSE
	EndGlobalSection
	GlobalSection(ExtensibilityGlobals) = postSolution
		SolutionGuid = {82544845-4DF7-4BE2-9A6A-3362D0E2B854}
	EndGlobalSection
EndGlobal
