
Microsoft Visual Studio Solution File, Format Version 12.00
# Visual Studio 15
VisualStudioVersion = 15.0.28307.102
MinimumVisualStudioVersion = 10.0.40219.1
Project("{FAE04EC0-301F-11D3-BF4B-00C04F79EFBC}") = "MathOperation", "MathOperation\MathOperation.csproj", "{AF72E2DF-5124-45B5-BEA8-C9A20413FE18}"
EndProject
Project("{FAE04EC0-301F-11D3-BF4B-00C04F79EFBC}") = "Animals", "Animals\Animals.csproj", "{49DA5919-237A-4A97-8542-76469457D02D}"
EndProject
Project("{FAE04EC0-301F-11D3-BF4B-00C04F79EFBC}") = "Shapes", "Shapes\Shapes.csproj", "{02548206-573B-4A16-BFD2-5627F67F277B}"
EndProject
Project("{FAE04EC0-301F-11D3-BF4B-00C04F79EFBC}") = "Vehicles", "Vehicles\Vehicles.csproj", "{5FB91A14-1001-490D-B13E-097F91FACFD8}"
EndProject
Project("{FAE04EC0-301F-11D3-BF4B-00C04F79EFBC}") = "WildFarm", "WildFarm\WildFarm.csproj", "{473F801D-14FB-4638-96C4-96288ED6C075}"
EndProject
Global
	GlobalSection(SolutionConfigurationPlatforms) = preSolution
		Debug|Any CPU = Debug|Any CPU
		Debug|ARM = Debug|ARM
		Debug|ARM64 = Debug|ARM64
		Debug|x64 = Debug|x64
		Debug|x86 = Debug|x86
		Release|Any CPU = Release|Any CPU
		Release|ARM = Release|ARM
		Release|ARM64 = Release|ARM64
		Release|x64 = Release|x64
		Release|x86 = Release|x86
	EndGlobalSection
	GlobalSection(ProjectConfigurationPlatforms) = postSolution
		{AF72E2DF-5124-45B5-BEA8-C9A20413FE18}.Debug|Any CPU.ActiveCfg = Debug|Any CPU
		{AF72E2DF-5124-45B5-BEA8-C9A20413FE18}.Debug|Any CPU.Build.0 = Debug|Any CPU
		{AF72E2DF-5124-45B5-BEA8-C9A20413FE18}.Debug|ARM.ActiveCfg = Debug|Any CPU
		{AF72E2DF-5124-45B5-BEA8-C9A20413FE18}.Debug|ARM.Build.0 = Debug|Any CPU
		{AF72E2DF-5124-45B5-BEA8-C9A20413FE18}.Debug|ARM64.ActiveCfg = Debug|Any CPU
		{AF72E2DF-5124-45B5-BEA8-C9A20413FE18}.Debug|ARM64.Build.0 = Debug|Any CPU
		{AF72E2DF-5124-45B5-BEA8-C9A20413FE18}.Debug|x64.ActiveCfg = Debug|Any CPU
		{AF72E2DF-5124-45B5-BEA8-C9A20413FE18}.Debug|x64.Build.0 = Debug|Any CPU
		{AF72E2DF-5124-45B5-BEA8-C9A20413FE18}.Debug|x86.ActiveCfg = Debug|Any CPU
		{AF72E2DF-5124-45B5-BEA8-C9A20413FE18}.Debug|x86.Build.0 = Debug|Any CPU
		{AF72E2DF-5124-45B5-BEA8-C9A20413FE18}.Release|Any CPU.ActiveCfg = Release|Any CPU
		{AF72E2DF-5124-45B5-BEA8-C9A20413FE18}.Release|Any CPU.Build.0 = Release|Any CPU
		{AF72E2DF-5124-45B5-BEA8-C9A20413FE18}.Release|ARM.ActiveCfg = Release|Any CPU
		{AF72E2DF-5124-45B5-BEA8-C9A20413FE18}.Release|ARM.Build.0 = Release|Any CPU
		{AF72E2DF-5124-45B5-BEA8-C9A20413FE18}.Release|ARM64.ActiveCfg = Release|Any CPU
		{AF72E2DF-5124-45B5-BEA8-C9A20413FE18}.Release|ARM64.Build.0 = Release|Any CPU
		{AF72E2DF-5124-45B5-BEA8-C9A20413FE18}.Release|x64.ActiveCfg = Release|Any CPU
		{AF72E2DF-5124-45B5-BEA8-C9A20413FE18}.Release|x64.Build.0 = Release|Any CPU
		{AF72E2DF-5124-45B5-BEA8-C9A20413FE18}.Release|x86.ActiveCfg = Release|Any CPU
		{AF72E2DF-5124-45B5-BEA8-C9A20413FE18}.Release|x86.Build.0 = Release|Any CPU
		{49DA5919-237A-4A97-8542-76469457D02D}.Debug|Any CPU.ActiveCfg = Debug|Any CPU
		{49DA5919-237A-4A97-8542-76469457D02D}.Debug|Any CPU.Build.0 = Debug|Any CPU
		{49DA5919-237A-4A97-8542-76469457D02D}.Debug|ARM.ActiveCfg = Debug|Any CPU
		{49DA5919-237A-4A97-8542-76469457D02D}.Debug|ARM.Build.0 = Debug|Any CPU
		{49DA5919-237A-4A97-8542-76469457D02D}.Debug|ARM64.ActiveCfg = Debug|Any CPU
		{49DA5919-237A-4A97-8542-76469457D02D}.Debug|ARM64.Build.0 = Debug|Any CPU
		{49DA5919-237A-4A97-8542-76469457D02D}.Debug|x64.ActiveCfg = Debug|Any CPU
		{49DA5919-237A-4A97-8542-76469457D02D}.Debug|x64.Build.0 = Debug|Any CPU
		{49DA5919-237A-4A97-8542-76469457D02D}.Debug|x86.ActiveCfg = Debug|Any CPU
		{49DA5919-237A-4A97-8542-76469457D02D}.Debug|x86.Build.0 = Debug|Any CPU
		{49DA5919-237A-4A97-8542-76469457D02D}.Release|Any CPU.ActiveCfg = Release|Any CPU
		{49DA5919-237A-4A97-8542-76469457D02D}.Release|Any CPU.Build.0 = Release|Any CPU
		{49DA5919-237A-4A97-8542-76469457D02D}.Release|ARM.ActiveCfg = Release|Any CPU
		{49DA5919-237A-4A97-8542-76469457D02D}.Release|ARM.Build.0 = Release|Any CPU
		{49DA5919-237A-4A97-8542-76469457D02D}.Release|ARM64.ActiveCfg = Release|Any CPU
		{49DA5919-237A-4A97-8542-76469457D02D}.Release|ARM64.Build.0 = Release|Any CPU
		{49DA5919-237A-4A97-8542-76469457D02D}.Release|x64.ActiveCfg = Release|Any CPU
		{49DA5919-237A-4A97-8542-76469457D02D}.Release|x64.Build.0 = Release|Any CPU
		{49DA5919-237A-4A97-8542-76469457D02D}.Release|x86.ActiveCfg = Release|Any CPU
		{49DA5919-237A-4A97-8542-76469457D02D}.Release|x86.Build.0 = Release|Any CPU
		{02548206-573B-4A16-BFD2-5627F67F277B}.Debug|Any CPU.ActiveCfg = Debug|Any CPU
		{02548206-573B-4A16-BFD2-5627F67F277B}.Debug|Any CPU.Build.0 = Debug|Any CPU
		{02548206-573B-4A16-BFD2-5627F67F277B}.Debug|ARM.ActiveCfg = Debug|Any CPU
		{02548206-573B-4A16-BFD2-5627F67F277B}.Debug|ARM.Build.0 = Debug|Any CPU
		{02548206-573B-4A16-BFD2-5627F67F277B}.Debug|ARM64.ActiveCfg = Debug|Any CPU
		{02548206-573B-4A16-BFD2-5627F67F277B}.Debug|ARM64.Build.0 = Debug|Any CPU
		{02548206-573B-4A16-BFD2-5627F67F277B}.Debug|x64.ActiveCfg = Debug|Any CPU
		{02548206-573B-4A16-BFD2-5627F67F277B}.Debug|x64.Build.0 = Debug|Any CPU
		{02548206-573B-4A16-BFD2-5627F67F277B}.Debug|x86.ActiveCfg = Debug|Any CPU
		{02548206-573B-4A16-BFD2-5627F67F277B}.Debug|x86.Build.0 = Debug|Any CPU
		{02548206-573B-4A16-BFD2-5627F67F277B}.Release|Any CPU.ActiveCfg = Release|Any CPU
		{02548206-573B-4A16-BFD2-5627F67F277B}.Release|Any CPU.Build.0 = Release|Any CPU
		{02548206-573B-4A16-BFD2-5627F67F277B}.Release|ARM.ActiveCfg = Release|Any CPU
		{02548206-573B-4A16-BFD2-5627F67F277B}.Release|ARM.Build.0 = Release|Any CPU
		{02548206-573B-4A16-BFD2-5627F67F277B}.Release|ARM64.ActiveCfg = Release|Any CPU
		{02548206-573B-4A16-BFD2-5627F67F277B}.Release|ARM64.Build.0 = Release|Any CPU
		{02548206-573B-4A16-BFD2-5627F67F277B}.Release|x64.ActiveCfg = Release|Any CPU
		{02548206-573B-4A16-BFD2-5627F67F277B}.Release|x64.Build.0 = Release|Any CPU
		{02548206-573B-4A16-BFD2-5627F67F277B}.Release|x86.ActiveCfg = Release|Any CPU
		{02548206-573B-4A16-BFD2-5627F67F277B}.Release|x86.Build.0 = Release|Any CPU
		{5FB91A14-1001-490D-B13E-097F91FACFD8}.Debug|Any CPU.ActiveCfg = Debug|Any CPU
		{5FB91A14-1001-490D-B13E-097F91FACFD8}.Debug|Any CPU.Build.0 = Debug|Any CPU
		{5FB91A14-1001-490D-B13E-097F91FACFD8}.Debug|ARM.ActiveCfg = Debug|Any CPU
		{5FB91A14-1001-490D-B13E-097F91FACFD8}.Debug|ARM.Build.0 = Debug|Any CPU
		{5FB91A14-1001-490D-B13E-097F91FACFD8}.Debug|ARM64.ActiveCfg = Debug|Any CPU
		{5FB91A14-1001-490D-B13E-097F91FACFD8}.Debug|ARM64.Build.0 = Debug|Any CPU
		{5FB91A14-1001-490D-B13E-097F91FACFD8}.Debug|x64.ActiveCfg = Debug|Any CPU
		{5FB91A14-1001-490D-B13E-097F91FACFD8}.Debug|x64.Build.0 = Debug|Any CPU
		{5FB91A14-1001-490D-B13E-097F91FACFD8}.Debug|x86.ActiveCfg = Debug|Any CPU
		{5FB91A14-1001-490D-B13E-097F91FACFD8}.Debug|x86.Build.0 = Debug|Any CPU
		{5FB91A14-1001-490D-B13E-097F91FACFD8}.Release|Any CPU.ActiveCfg = Release|Any CPU
		{5FB91A14-1001-490D-B13E-097F91FACFD8}.Release|Any CPU.Build.0 = Release|Any CPU
		{5FB91A14-1001-490D-B13E-097F91FACFD8}.Release|ARM.ActiveCfg = Release|Any CPU
		{5FB91A14-1001-490D-B13E-097F91FACFD8}.Release|ARM.Build.0 = Release|Any CPU
		{5FB91A14-1001-490D-B13E-097F91FACFD8}.Release|ARM64.ActiveCfg = Release|Any CPU
		{5FB91A14-1001-490D-B13E-097F91FACFD8}.Release|ARM64.Build.0 = Release|Any CPU
		{5FB91A14-1001-490D-B13E-097F91FACFD8}.Release|x64.ActiveCfg = Release|Any CPU
		{5FB91A14-1001-490D-B13E-097F91FACFD8}.Release|x64.Build.0 = Release|Any CPU
		{5FB91A14-1001-490D-B13E-097F91FACFD8}.Release|x86.ActiveCfg = Release|Any CPU
		{5FB91A14-1001-490D-B13E-097F91FACFD8}.Release|x86.Build.0 = Release|Any CPU
		{473F801D-14FB-4638-96C4-96288ED6C075}.Debug|Any CPU.ActiveCfg = Debug|Any CPU
		{473F801D-14FB-4638-96C4-96288ED6C075}.Debug|Any CPU.Build.0 = Debug|Any CPU
		{473F801D-14FB-4638-96C4-96288ED6C075}.Debug|ARM.ActiveCfg = Debug|Any CPU
		{473F801D-14FB-4638-96C4-96288ED6C075}.Debug|ARM.Build.0 = Debug|Any CPU
		{473F801D-14FB-4638-96C4-96288ED6C075}.Debug|ARM64.ActiveCfg = Debug|Any CPU
		{473F801D-14FB-4638-96C4-96288ED6C075}.Debug|ARM64.Build.0 = Debug|Any CPU
		{473F801D-14FB-4638-96C4-96288ED6C075}.Debug|x64.ActiveCfg = Debug|Any CPU
		{473F801D-14FB-4638-96C4-96288ED6C075}.Debug|x64.Build.0 = Debug|Any CPU
		{473F801D-14FB-4638-96C4-96288ED6C075}.Debug|x86.ActiveCfg = Debug|Any CPU
		{473F801D-14FB-4638-96C4-96288ED6C075}.Debug|x86.Build.0 = Debug|Any CPU
		{473F801D-14FB-4638-96C4-96288ED6C075}.Release|Any CPU.ActiveCfg = Release|Any CPU
		{473F801D-14FB-4638-96C4-96288ED6C075}.Release|Any CPU.Build.0 = Release|Any CPU
		{473F801D-14FB-4638-96C4-96288ED6C075}.Release|ARM.ActiveCfg = Release|Any CPU
		{473F801D-14FB-4638-96C4-96288ED6C075}.Release|ARM.Build.0 = Release|Any CPU
		{473F801D-14FB-4638-96C4-96288ED6C075}.Release|ARM64.ActiveCfg = Release|Any CPU
		{473F801D-14FB-4638-96C4-96288ED6C075}.Release|ARM64.Build.0 = Release|Any CPU
		{473F801D-14FB-4638-96C4-96288ED6C075}.Release|x64.ActiveCfg = Release|Any CPU
		{473F801D-14FB-4638-96C4-96288ED6C075}.Release|x64.Build.0 = Release|Any CPU
		{473F801D-14FB-4638-96C4-96288ED6C075}.Release|x86.ActiveCfg = Release|Any CPU
		{473F801D-14FB-4638-96C4-96288ED6C075}.Release|x86.Build.0 = Release|Any CPU
	EndGlobalSection
	GlobalSection(SolutionProperties) = preSolution
		HideSolutionNode = FALSE
	EndGlobalSection
	GlobalSection(ExtensibilityGlobals) = postSolution
		SolutionGuid = {C38B7758-0636-49CC-B767-C490C0E3D042}
	EndGlobalSection
EndGlobal
